
Microsoft Visual Studio Solution File, Format Version 12.00
# Visual Studio Version 16
VisualStudioVersion = 16.0.29613.14
MinimumVisualStudioVersion = 10.0.40219.1
Project("{FAE04EC0-301F-11D3-BF4B-00C04F79EFBC}") = "Lab 1", "Lab 1\Lab 1.csproj", "{AC17E036-F4C1-476C-B1E0-080E7C0618ED}"
EndProject
Global
	GlobalSection(SolutionConfigurationPlatforms) = preSolution
		Debug|Any CPU = Debug|Any CPU
		Release|Any CPU = Release|Any CPU
	EndGlobalSection
	GlobalSection(ProjectConfigurationPlatforms) = postSolution
		{AC17E036-F4C1-476C-B1E0-080E7C0618ED}.Debug|Any CPU.ActiveCfg = Debug|Any CPU
		{AC17E036-F4C1-476C-B1E0-080E7C0618ED}.Debug|Any CPU.Build.0 = Debug|Any CPU
		{AC17E036-F4C1-476C-B1E0-080E7C0618ED}.Release|Any CPU.ActiveCfg = Release|Any CPU
		{AC17E036-F4C1-476C-B1E0-080E7C0618ED}.Release|Any CPU.Build.0 = Release|Any CPU
	EndGlobalSection
	GlobalSection(SolutionProperties) = preSolution
		HideSolutionNode = FALSE
	EndGlobalSection
	GlobalSection(ExtensibilityGlobals) = postSolution
		SolutionGuid = {0DF99708-487E-41F4-A7A0-85590CD7E9F9}
	EndGlobalSection
EndGlobal
